
Microsoft Visual Studio Solution File, Format Version 12.00
# Visual Studio Version 16
VisualStudioVersion = 16.0.31402.337
MinimumVisualStudioVersion = 10.0.40219.1
Project("{FAE04EC0-301F-11D3-BF4B-00C04F79EFBC}") = "Object Oriented Programming Assingnment", "Object Oriented Programming Assingnment.csproj", "{B3AF1745-E5BB-40A8-94FF-6D24B1B076DC}"
EndProject
Global
	GlobalSection(SolutionConfigurationPlatforms) = preSolution
		Debug|Any CPU = Debug|Any CPU
		Release|Any CPU = Release|Any CPU
	EndGlobalSection
	GlobalSection(ProjectConfigurationPlatforms) = postSolution
		{B3AF1745-E5BB-40A8-94FF-6D24B1B076DC}.Debug|Any CPU.ActiveCfg = Debug|Any CPU
		{B3AF1745-E5BB-40A8-94FF-6D24B1B076DC}.Debug|Any CPU.Build.0 = Debug|Any CPU
		{B3AF1745-E5BB-40A8-94FF-6D24B1B076DC}.Release|Any CPU.ActiveCfg = Release|Any CPU
		{B3AF1745-E5BB-40A8-94FF-6D24B1B076DC}.Release|Any CPU.Build.0 = Release|Any CPU
	EndGlobalSection
	GlobalSection(SolutionProperties) = preSolution
		HideSolutionNode = FALSE
	EndGlobalSection
	GlobalSection(ExtensibilityGlobals) = postSolution
		SolutionGuid = {D356152C-998D-4CF6-9B06-7028AC7AF0DA}
	EndGlobalSection
EndGlobal
